// !$*UTF8*$!
{
	archiveVersion = 1;
	classes = {
	};
	objectVersion = 46;
	objects = {

/* Begin PBXBuildFile section */
		70A3EB8B13ECC36100150E41 /* MessageTableViewController.m in Sources */ = {isa = PBXBuildFile; fileRef = 70A3EB8A13ECC36100150E41 /* MessageTableViewController.m */; };
		70A3EB8F13ECCBA900150E41 /* MessageView.m in Sources */ = {isa = PBXBuildFile; fileRef = 70A3EB8E13ECCBA800150E41 /* MessageView.m */; };
		70A3EB9B13ECD15700150E41 /* NSString+FindURLs.m in Sources */ = {isa = PBXBuildFile; fileRef = 70A3EB9A13ECD15700150E41 /* NSString+FindURLs.m */; };
		70BDE04A13F8377300FC2C93 /* NSTextView+AutomaticLinkDetection.m in Sources */ = {isa = PBXBuildFile; fileRef = 70BDE04913F8377300FC2C93 /* NSTextView+AutomaticLinkDetection.m */; };
		F116413F13D0736200A528F8 /* Cocoa.framework in Frameworks */ = {isa = PBXBuildFile; fileRef = F116413E13D0736200A528F8 /* Cocoa.framework */; };
		F116414913D0736200A528F8 /* InfoPlist.strings in Resources */ = {isa = PBXBuildFile; fileRef = F116414713D0736200A528F8 /* InfoPlist.strings */; };
		F116414C13D0736200A528F8 /* main.m in Sources */ = {isa = PBXBuildFile; fileRef = F116414B13D0736200A528F8 /* main.m */; };
		F116414F13D0736200A528F8 /* Credits.rtf in Resources */ = {isa = PBXBuildFile; fileRef = F116414D13D0736200A528F8 /* Credits.rtf */; };
		F116415213D0736200A528F8 /* HappyCamprAppDelegate.m in Sources */ = {isa = PBXBuildFile; fileRef = F116415113D0736200A528F8 /* HappyCamprAppDelegate.m */; };
		F116415513D0736200A528F8 /* MainMenu.xib in Resources */ = {isa = PBXBuildFile; fileRef = F116415313D0736200A528F8 /* MainMenu.xib */; };
		F116415C13D0736200A528F8 /* Cocoa.framework in Frameworks */ = {isa = PBXBuildFile; fileRef = F116413E13D0736200A528F8 /* Cocoa.framework */; };
		F116416413D0736200A528F8 /* InfoPlist.strings in Resources */ = {isa = PBXBuildFile; fileRef = F116416213D0736200A528F8 /* InfoPlist.strings */; };
		F116416713D0736200A528F8 /* HappyCamprTests.h in Resources */ = {isa = PBXBuildFile; fileRef = F116416613D0736200A528F8 /* HappyCamprTests.h */; };
		F116416913D0736200A528F8 /* HappyCamprTests.m in Sources */ = {isa = PBXBuildFile; fileRef = F116416813D0736200A528F8 /* HappyCamprTests.m */; };
		F116417313D0737600A528F8 /* SystemConfiguration.framework in Frameworks */ = {isa = PBXBuildFile; fileRef = F116417213D0737600A528F8 /* SystemConfiguration.framework */; };
		F116417713D0738F00A528F8 /* CoreServices.framework in Frameworks */ = {isa = PBXBuildFile; fileRef = F116417613D0738F00A528F8 /* CoreServices.framework */; };
		F11641CC13D0739D00A528F8 /* ASIDataCompressor.m in Sources */ = {isa = PBXBuildFile; fileRef = F116417D13D0739D00A528F8 /* ASIDataCompressor.m */; };
		F11641CD13D0739D00A528F8 /* ASIDataDecompressor.m in Sources */ = {isa = PBXBuildFile; fileRef = F116417F13D0739D00A528F8 /* ASIDataDecompressor.m */; };
		F11641CE13D0739D00A528F8 /* ASIDownloadCache.m in Sources */ = {isa = PBXBuildFile; fileRef = F116418113D0739D00A528F8 /* ASIDownloadCache.m */; };
		F11641CF13D0739D00A528F8 /* ASIFormDataRequest.m in Sources */ = {isa = PBXBuildFile; fileRef = F116418313D0739D00A528F8 /* ASIFormDataRequest.m */; };
		F11641D013D0739D00A528F8 /* ASIHTTPRequest.m in Sources */ = {isa = PBXBuildFile; fileRef = F116418513D0739D00A528F8 /* ASIHTTPRequest.m */; };
		F11641D113D0739D00A528F8 /* ASIInputStream.m in Sources */ = {isa = PBXBuildFile; fileRef = F116418913D0739D00A528F8 /* ASIInputStream.m */; };
		F11641D213D0739D00A528F8 /* ASINetworkQueue.m in Sources */ = {isa = PBXBuildFile; fileRef = F116418B13D0739D00A528F8 /* ASINetworkQueue.m */; };
		F11641F213D0785C00A528F8 /* Room.m in Sources */ = {isa = PBXBuildFile; fileRef = F11641F113D0785C00A528F8 /* Room.m */; };
		F13549C513D08BC400967F63 /* GDataXMLNode.m in Sources */ = {isa = PBXBuildFile; fileRef = F13549C413D08BC400967F63 /* GDataXMLNode.m */; };
		F13549CD13D08BE000967F63 /* ScreencastMediaItem.m in Sources */ = {isa = PBXBuildFile; fileRef = F13549C813D08BE000967F63 /* ScreencastMediaItem.m */; };
		F13549CE13D08BE000967F63 /* ScreencastProxy.m in Sources */ = {isa = PBXBuildFile; fileRef = F13549CB13D08BE000967F63 /* ScreencastProxy.m */; };
		F13549D013D08C0300967F63 /* libxml2.2.dylib in Frameworks */ = {isa = PBXBuildFile; fileRef = F13549CF13D08C0300967F63 /* libxml2.2.dylib */; };
		F13549D613D08CA200967F63 /* RESTProxy.m in Sources */ = {isa = PBXBuildFile; fileRef = F13549D213D08CA200967F63 /* RESTProxy.m */; };
		F13549D713D08CA200967F63 /* RestSignatureProvider.m in Sources */ = {isa = PBXBuildFile; fileRef = F13549D413D08CA200967F63 /* RestSignatureProvider.m */; };
		F13549DC13D08CDB00967F63 /* GDataXMLDocument+UTF16.m in Sources */ = {isa = PBXBuildFile; fileRef = F13549D913D08CDB00967F63 /* GDataXMLDocument+UTF16.m */; };
		F13549DD13D08CDB00967F63 /* NSString+TSCCrypto.m in Sources */ = {isa = PBXBuildFile; fileRef = F13549DB13D08CDB00967F63 /* NSString+TSCCrypto.m */; };
		F13549DF13D0C0AD00967F63 /* the_more_you_know2.jpg in Resources */ = {isa = PBXBuildFile; fileRef = F13549DE13D0C0AD00967F63 /* the_more_you_know2.jpg */; };
		F13549E113D0C16100967F63 /* rim-shot-johnny-utah.jpg in Resources */ = {isa = PBXBuildFile; fileRef = F13549E013D0C16100967F63 /* rim-shot-johnny-utah.jpg */; };
		F13549E313D0C1DF00967F63 /* original.jpg in Resources */ = {isa = PBXBuildFile; fileRef = F13549E213D0C1DF00967F63 /* original.jpg */; };
		F13549E513D0C25F00967F63 /* j-crickett.jpg in Resources */ = {isa = PBXBuildFile; fileRef = F13549E413D0C25F00967F63 /* j-crickett.jpg */; };
		F13549E713D0C2A900967F63 /* doitlive.jpeg in Resources */ = {isa = PBXBuildFile; fileRef = F13549E613D0C2A900967F63 /* doitlive.jpeg */; };
		F13549E913D0C2C900967F63 /* Pic_GreatJob.gif in Resources */ = {isa = PBXBuildFile; fileRef = F13549E813D0C2C900967F63 /* Pic_GreatJob.gif */; };
		F13549EB13D0C2FE00967F63 /* vuvuzelas-300x230.jpg in Resources */ = {isa = PBXBuildFile; fileRef = F13549EA13D0C2FE00967F63 /* vuvuzelas-300x230.jpg */; };
		F13549ED13D0CD0E00967F63 /* happyCamperIcon.icns in Resources */ = {isa = PBXBuildFile; fileRef = F13549EC13D0CD0E00967F63 /* happyCamperIcon.icns */; };
		F13549F313D0D92000967F63 /* Security.framework in Frameworks */ = {isa = PBXBuildFile; fileRef = F13549F113D0D8D300967F63 /* Security.framework */; };
		F13549F413D0D9E200967F63 /* SFHFKeychainUtils.m in Sources */ = {isa = PBXBuildFile; fileRef = F13549EE13D0D7A200967F63 /* SFHFKeychainUtils.m */; };
		F178CFCB13EC778500A6AD3E /* UserPopoverController.m in Sources */ = {isa = PBXBuildFile; fileRef = F178CFC913EC778500A6AD3E /* UserPopoverController.m */; };
		F178CFCC13EC778500A6AD3E /* UserPopoverController.xib in Resources */ = {isa = PBXBuildFile; fileRef = F178CFCA13EC778500A6AD3E /* UserPopoverController.xib */; };
		F191440513E2F26B0069ECF9 /* libz.dylib in Frameworks */ = {isa = PBXBuildFile; fileRef = F191440413E2F26B0069ECF9 /* libz.dylib */; };
		F191440C13E2F6D70069ECF9 /* Message.m in Sources */ = {isa = PBXBuildFile; fileRef = F191440B13E2F6D70069ECF9 /* Message.m */; };
		F191440F13E312540069ECF9 /* User.m in Sources */ = {isa = PBXBuildFile; fileRef = F191440E13E312540069ECF9 /* User.m */; };
		F1BE16D413F5B5BC0025AC17 /* NS(Attributed)String+Geometrics.m in Sources */ = {isa = PBXBuildFile; fileRef = F1BE16D313F5B5BC0025AC17 /* NS(Attributed)String+Geometrics.m */; };
		F1BE16DD13F5BD570025AC17 /* NSAttributedString+Hyperlink.m in Sources */ = {isa = PBXBuildFile; fileRef = F1BE16DC13F5BD570025AC17 /* NSAttributedString+Hyperlink.m */; };
/* End PBXBuildFile section */

/* Begin PBXContainerItemProxy section */
		F116415D13D0736200A528F8 /* PBXContainerItemProxy */ = {
			isa = PBXContainerItemProxy;
			containerPortal = F116413113D0736200A528F8 /* Project object */;
			proxyType = 1;
			remoteGlobalIDString = F116413913D0736200A528F8;
			remoteInfo = HappyCampr;
		};
/* End PBXContainerItemProxy section */

/* Begin PBXFileReference section */
		70A3EB8913ECC36100150E41 /* MessageTableViewController.h */ = {isa = PBXFileReference; fileEncoding = 4; lastKnownFileType = sourcecode.c.h; path = MessageTableViewController.h; sourceTree = "<group>"; };
		70A3EB8A13ECC36100150E41 /* MessageTableViewController.m */ = {isa = PBXFileReference; fileEncoding = 4; lastKnownFileType = sourcecode.c.objc; path = MessageTableViewController.m; sourceTree = "<group>"; };
		70A3EB8D13ECCBA800150E41 /* MessageView.h */ = {isa = PBXFileReference; fileEncoding = 4; lastKnownFileType = sourcecode.c.h; path = MessageView.h; sourceTree = "<group>"; };
		70A3EB8E13ECCBA800150E41 /* MessageView.m */ = {isa = PBXFileReference; fileEncoding = 4; lastKnownFileType = sourcecode.c.objc; path = MessageView.m; sourceTree = "<group>"; };
		70A3EB9913ECD15700150E41 /* NSString+FindURLs.h */ = {isa = PBXFileReference; fileEncoding = 4; lastKnownFileType = sourcecode.c.h; path = "NSString+FindURLs.h"; sourceTree = "<group>"; };
		70A3EB9A13ECD15700150E41 /* NSString+FindURLs.m */ = {isa = PBXFileReference; fileEncoding = 4; lastKnownFileType = sourcecode.c.objc; path = "NSString+FindURLs.m"; sourceTree = "<group>"; };
		70BDE04813F8377300FC2C93 /* NSTextView+AutomaticLinkDetection.h */ = {isa = PBXFileReference; fileEncoding = 4; lastKnownFileType = sourcecode.c.h; path = "NSTextView+AutomaticLinkDetection.h"; sourceTree = "<group>"; };
		70BDE04913F8377300FC2C93 /* NSTextView+AutomaticLinkDetection.m */ = {isa = PBXFileReference; fileEncoding = 4; lastKnownFileType = sourcecode.c.objc; path = "NSTextView+AutomaticLinkDetection.m"; sourceTree = "<group>"; };
		F116413A13D0736200A528F8 /* HappyCampr.app */ = {isa = PBXFileReference; explicitFileType = wrapper.application; includeInIndex = 0; path = HappyCampr.app; sourceTree = BUILT_PRODUCTS_DIR; };
		F116413E13D0736200A528F8 /* Cocoa.framework */ = {isa = PBXFileReference; lastKnownFileType = wrapper.framework; name = Cocoa.framework; path = System/Library/Frameworks/Cocoa.framework; sourceTree = SDKROOT; };
		F116414113D0736200A528F8 /* AppKit.framework */ = {isa = PBXFileReference; lastKnownFileType = wrapper.framework; name = AppKit.framework; path = System/Library/Frameworks/AppKit.framework; sourceTree = SDKROOT; };
		F116414213D0736200A528F8 /* CoreData.framework */ = {isa = PBXFileReference; lastKnownFileType = wrapper.framework; name = CoreData.framework; path = System/Library/Frameworks/CoreData.framework; sourceTree = SDKROOT; };
		F116414313D0736200A528F8 /* Foundation.framework */ = {isa = PBXFileReference; lastKnownFileType = wrapper.framework; name = Foundation.framework; path = System/Library/Frameworks/Foundation.framework; sourceTree = SDKROOT; };
		F116414613D0736200A528F8 /* HappyCampr-Info.plist */ = {isa = PBXFileReference; lastKnownFileType = text.plist.xml; path = "HappyCampr-Info.plist"; sourceTree = "<group>"; };
		F116414813D0736200A528F8 /* en */ = {isa = PBXFileReference; lastKnownFileType = text.plist.strings; name = en; path = en.lproj/InfoPlist.strings; sourceTree = "<group>"; };
		F116414A13D0736200A528F8 /* HappyCampr-Prefix.pch */ = {isa = PBXFileReference; lastKnownFileType = sourcecode.c.h; path = "HappyCampr-Prefix.pch"; sourceTree = "<group>"; };
		F116414B13D0736200A528F8 /* main.m */ = {isa = PBXFileReference; lastKnownFileType = sourcecode.c.objc; path = main.m; sourceTree = "<group>"; };
		F116414E13D0736200A528F8 /* en */ = {isa = PBXFileReference; lastKnownFileType = text.rtf; name = en; path = en.lproj/Credits.rtf; sourceTree = "<group>"; };
		F116415013D0736200A528F8 /* HappyCamprAppDelegate.h */ = {isa = PBXFileReference; lastKnownFileType = sourcecode.c.h; path = HappyCamprAppDelegate.h; sourceTree = "<group>"; };
		F116415113D0736200A528F8 /* HappyCamprAppDelegate.m */ = {isa = PBXFileReference; lastKnownFileType = sourcecode.c.objc; path = HappyCamprAppDelegate.m; sourceTree = "<group>"; };
		F116415413D0736200A528F8 /* en */ = {isa = PBXFileReference; lastKnownFileType = file.xib; name = en; path = en.lproj/MainMenu.xib; sourceTree = "<group>"; };
		F116415B13D0736200A528F8 /* HappyCamprTests.octest */ = {isa = PBXFileReference; explicitFileType = wrapper.cfbundle; includeInIndex = 0; path = HappyCamprTests.octest; sourceTree = BUILT_PRODUCTS_DIR; };
		F116416113D0736200A528F8 /* HappyCamprTests-Info.plist */ = {isa = PBXFileReference; lastKnownFileType = text.plist.xml; path = "HappyCamprTests-Info.plist"; sourceTree = "<group>"; };
		F116416313D0736200A528F8 /* en */ = {isa = PBXFileReference; lastKnownFileType = text.plist.strings; name = en; path = en.lproj/InfoPlist.strings; sourceTree = "<group>"; };
		F116416513D0736200A528F8 /* HappyCamprTests-Prefix.pch */ = {isa = PBXFileReference; lastKnownFileType = sourcecode.c.h; path = "HappyCamprTests-Prefix.pch"; sourceTree = "<group>"; };
		F116416613D0736200A528F8 /* HappyCamprTests.h */ = {isa = PBXFileReference; lastKnownFileType = sourcecode.c.h; path = HappyCamprTests.h; sourceTree = "<group>"; };
		F116416813D0736200A528F8 /* HappyCamprTests.m */ = {isa = PBXFileReference; lastKnownFileType = sourcecode.c.objc; path = HappyCamprTests.m; sourceTree = "<group>"; };
		F116417213D0737600A528F8 /* SystemConfiguration.framework */ = {isa = PBXFileReference; lastKnownFileType = wrapper.framework; name = SystemConfiguration.framework; path = System/Library/Frameworks/SystemConfiguration.framework; sourceTree = SDKROOT; };
		F116417413D0738100A528F8 /* libz.1.2.3.dylib */ = {isa = PBXFileReference; lastKnownFileType = "compiled.mach-o.dylib"; name = libz.1.2.3.dylib; path = usr/lib/libz.1.2.3.dylib; sourceTree = SDKROOT; };
		F116417613D0738F00A528F8 /* CoreServices.framework */ = {isa = PBXFileReference; lastKnownFileType = wrapper.framework; name = CoreServices.framework; path = System/Library/Frameworks/CoreServices.framework; sourceTree = SDKROOT; };
		F116417913D0739D00A528F8 /* ASIAuthenticationDialog.h */ = {isa = PBXFileReference; fileEncoding = 4; lastKnownFileType = sourcecode.c.h; path = ASIAuthenticationDialog.h; sourceTree = "<group>"; };
		F116417A13D0739D00A528F8 /* ASIAuthenticationDialog.m */ = {isa = PBXFileReference; fileEncoding = 4; lastKnownFileType = sourcecode.c.objc; path = ASIAuthenticationDialog.m; sourceTree = "<group>"; };
		F116417B13D0739D00A528F8 /* ASICacheDelegate.h */ = {isa = PBXFileReference; fileEncoding = 4; lastKnownFileType = sourcecode.c.h; path = ASICacheDelegate.h; sourceTree = "<group>"; };
		F116417C13D0739D00A528F8 /* ASIDataCompressor.h */ = {isa = PBXFileReference; fileEncoding = 4; lastKnownFileType = sourcecode.c.h; path = ASIDataCompressor.h; sourceTree = "<group>"; };
		F116417D13D0739D00A528F8 /* ASIDataCompressor.m */ = {isa = PBXFileReference; fileEncoding = 4; lastKnownFileType = sourcecode.c.objc; path = ASIDataCompressor.m; sourceTree = "<group>"; };
		F116417E13D0739D00A528F8 /* ASIDataDecompressor.h */ = {isa = PBXFileReference; fileEncoding = 4; lastKnownFileType = sourcecode.c.h; path = ASIDataDecompressor.h; sourceTree = "<group>"; };
		F116417F13D0739D00A528F8 /* ASIDataDecompressor.m */ = {isa = PBXFileReference; fileEncoding = 4; lastKnownFileType = sourcecode.c.objc; path = ASIDataDecompressor.m; sourceTree = "<group>"; };
		F116418013D0739D00A528F8 /* ASIDownloadCache.h */ = {isa = PBXFileReference; fileEncoding = 4; lastKnownFileType = sourcecode.c.h; path = ASIDownloadCache.h; sourceTree = "<group>"; };
		F116418113D0739D00A528F8 /* ASIDownloadCache.m */ = {isa = PBXFileReference; fileEncoding = 4; lastKnownFileType = sourcecode.c.objc; path = ASIDownloadCache.m; sourceTree = "<group>"; };
		F116418213D0739D00A528F8 /* ASIFormDataRequest.h */ = {isa = PBXFileReference; fileEncoding = 4; lastKnownFileType = sourcecode.c.h; path = ASIFormDataRequest.h; sourceTree = "<group>"; };
		F116418313D0739D00A528F8 /* ASIFormDataRequest.m */ = {isa = PBXFileReference; fileEncoding = 4; lastKnownFileType = sourcecode.c.objc; path = ASIFormDataRequest.m; sourceTree = "<group>"; };
		F116418413D0739D00A528F8 /* ASIHTTPRequest.h */ = {isa = PBXFileReference; fileEncoding = 4; lastKnownFileType = sourcecode.c.h; path = ASIHTTPRequest.h; sourceTree = "<group>"; };
		F116418513D0739D00A528F8 /* ASIHTTPRequest.m */ = {isa = PBXFileReference; fileEncoding = 4; lastKnownFileType = sourcecode.c.objc; path = ASIHTTPRequest.m; sourceTree = "<group>"; };
		F116418613D0739D00A528F8 /* ASIHTTPRequestConfig.h */ = {isa = PBXFileReference; fileEncoding = 4; lastKnownFileType = sourcecode.c.h; path = ASIHTTPRequestConfig.h; sourceTree = "<group>"; };
		F116418713D0739D00A528F8 /* ASIHTTPRequestDelegate.h */ = {isa = PBXFileReference; fileEncoding = 4; lastKnownFileType = sourcecode.c.h; path = ASIHTTPRequestDelegate.h; sourceTree = "<group>"; };
		F116418813D0739D00A528F8 /* ASIInputStream.h */ = {isa = PBXFileReference; fileEncoding = 4; lastKnownFileType = sourcecode.c.h; path = ASIInputStream.h; sourceTree = "<group>"; };
		F116418913D0739D00A528F8 /* ASIInputStream.m */ = {isa = PBXFileReference; fileEncoding = 4; lastKnownFileType = sourcecode.c.objc; path = ASIInputStream.m; sourceTree = "<group>"; };
		F116418A13D0739D00A528F8 /* ASINetworkQueue.h */ = {isa = PBXFileReference; fileEncoding = 4; lastKnownFileType = sourcecode.c.h; path = ASINetworkQueue.h; sourceTree = "<group>"; };
		F116418B13D0739D00A528F8 /* ASINetworkQueue.m */ = {isa = PBXFileReference; fileEncoding = 4; lastKnownFileType = sourcecode.c.objc; path = ASINetworkQueue.m; sourceTree = "<group>"; };
		F116418C13D0739D00A528F8 /* ASIProgressDelegate.h */ = {isa = PBXFileReference; fileEncoding = 4; lastKnownFileType = sourcecode.c.h; path = ASIProgressDelegate.h; sourceTree = "<group>"; };
		F11641F013D0785C00A528F8 /* Room.h */ = {isa = PBXFileReference; fileEncoding = 4; lastKnownFileType = sourcecode.c.h; path = Room.h; sourceTree = "<group>"; };
		F11641F113D0785C00A528F8 /* Room.m */ = {isa = PBXFileReference; fileEncoding = 4; lastKnownFileType = sourcecode.c.objc; path = Room.m; sourceTree = "<group>"; };
		F13549C313D08BC400967F63 /* GDataXMLNode.h */ = {isa = PBXFileReference; fileEncoding = 4; lastKnownFileType = sourcecode.c.h; path = GDataXMLNode.h; sourceTree = "<group>"; };
		F13549C413D08BC400967F63 /* GDataXMLNode.m */ = {isa = PBXFileReference; fileEncoding = 4; lastKnownFileType = sourcecode.c.objc; path = GDataXMLNode.m; sourceTree = "<group>"; };
		F13549C613D08BE000967F63 /* ErrorConstants.h */ = {isa = PBXFileReference; fileEncoding = 4; lastKnownFileType = sourcecode.c.h; path = ErrorConstants.h; sourceTree = "<group>"; };
		F13549C713D08BE000967F63 /* ScreencastMediaItem.h */ = {isa = PBXFileReference; fileEncoding = 4; lastKnownFileType = sourcecode.c.h; path = ScreencastMediaItem.h; sourceTree = "<group>"; };
		F13549C813D08BE000967F63 /* ScreencastMediaItem.m */ = {isa = PBXFileReference; fileEncoding = 4; lastKnownFileType = sourcecode.c.objc; path = ScreencastMediaItem.m; sourceTree = "<group>"; };
		F13549C913D08BE000967F63 /* ScreencastMediaProtocol.h */ = {isa = PBXFileReference; fileEncoding = 4; lastKnownFileType = sourcecode.c.h; path = ScreencastMediaProtocol.h; sourceTree = "<group>"; };
		F13549CA13D08BE000967F63 /* ScreencastProxy.h */ = {isa = PBXFileReference; fileEncoding = 4; lastKnownFileType = sourcecode.c.h; path = ScreencastProxy.h; sourceTree = "<group>"; };
		F13549CB13D08BE000967F63 /* ScreencastProxy.m */ = {isa = PBXFileReference; fileEncoding = 4; lastKnownFileType = sourcecode.c.objc; path = ScreencastProxy.m; sourceTree = "<group>"; };
		F13549CC13D08BE000967F63 /* UploadProgressProtocol.h */ = {isa = PBXFileReference; fileEncoding = 4; lastKnownFileType = sourcecode.c.h; path = UploadProgressProtocol.h; sourceTree = "<group>"; };
		F13549CF13D08C0300967F63 /* libxml2.2.dylib */ = {isa = PBXFileReference; lastKnownFileType = "compiled.mach-o.dylib"; name = libxml2.2.dylib; path = usr/lib/libxml2.2.dylib; sourceTree = SDKROOT; };
		F13549D113D08CA200967F63 /* RESTProxy.h */ = {isa = PBXFileReference; fileEncoding = 4; lastKnownFileType = sourcecode.c.h; path = RESTProxy.h; sourceTree = "<group>"; };
		F13549D213D08CA200967F63 /* RESTProxy.m */ = {isa = PBXFileReference; fileEncoding = 4; lastKnownFileType = sourcecode.c.objc; path = RESTProxy.m; sourceTree = "<group>"; };
		F13549D313D08CA200967F63 /* RestSignatureProvider.h */ = {isa = PBXFileReference; fileEncoding = 4; lastKnownFileType = sourcecode.c.h; path = RestSignatureProvider.h; sourceTree = "<group>"; };
		F13549D413D08CA200967F63 /* RestSignatureProvider.m */ = {isa = PBXFileReference; fileEncoding = 4; lastKnownFileType = sourcecode.c.objc; path = RestSignatureProvider.m; sourceTree = "<group>"; };
		F13549D513D08CA200967F63 /* RestSignatureProviderProtocol.h */ = {isa = PBXFileReference; fileEncoding = 4; lastKnownFileType = sourcecode.c.h; path = RestSignatureProviderProtocol.h; sourceTree = "<group>"; };
		F13549D813D08CDB00967F63 /* GDataXMLDocument+UTF16.h */ = {isa = PBXFileReference; fileEncoding = 4; lastKnownFileType = sourcecode.c.h; path = "GDataXMLDocument+UTF16.h"; sourceTree = "<group>"; };
		F13549D913D08CDB00967F63 /* GDataXMLDocument+UTF16.m */ = {isa = PBXFileReference; fileEncoding = 4; lastKnownFileType = sourcecode.c.objc; path = "GDataXMLDocument+UTF16.m"; sourceTree = "<group>"; };
		F13549DA13D08CDB00967F63 /* NSString+TSCCrypto.h */ = {isa = PBXFileReference; fileEncoding = 4; lastKnownFileType = sourcecode.c.h; path = "NSString+TSCCrypto.h"; sourceTree = "<group>"; };
		F13549DB13D08CDB00967F63 /* NSString+TSCCrypto.m */ = {isa = PBXFileReference; fileEncoding = 4; lastKnownFileType = sourcecode.c.objc; path = "NSString+TSCCrypto.m"; sourceTree = "<group>"; };
		F13549DE13D0C0AD00967F63 /* the_more_you_know2.jpg */ = {isa = PBXFileReference; lastKnownFileType = image.jpeg; path = the_more_you_know2.jpg; sourceTree = "<group>"; };
		F13549E013D0C16100967F63 /* rim-shot-johnny-utah.jpg */ = {isa = PBXFileReference; lastKnownFileType = image.jpeg; path = "rim-shot-johnny-utah.jpg"; sourceTree = "<group>"; };
		F13549E213D0C1DF00967F63 /* original.jpg */ = {isa = PBXFileReference; lastKnownFileType = image.jpeg; path = original.jpg; sourceTree = "<group>"; };
		F13549E413D0C25F00967F63 /* j-crickett.jpg */ = {isa = PBXFileReference; lastKnownFileType = image.jpeg; path = "j-crickett.jpg"; sourceTree = "<group>"; };
		F13549E613D0C2A900967F63 /* doitlive.jpeg */ = {isa = PBXFileReference; lastKnownFileType = image.jpeg; path = doitlive.jpeg; sourceTree = "<group>"; };
		F13549E813D0C2C900967F63 /* Pic_GreatJob.gif */ = {isa = PBXFileReference; lastKnownFileType = image.gif; path = Pic_GreatJob.gif; sourceTree = "<group>"; };
		F13549EA13D0C2FE00967F63 /* vuvuzelas-300x230.jpg */ = {isa = PBXFileReference; lastKnownFileType = image.jpeg; path = "vuvuzelas-300x230.jpg"; sourceTree = "<group>"; };
		F13549EC13D0CD0E00967F63 /* happyCamperIcon.icns */ = {isa = PBXFileReference; lastKnownFileType = image.icns; path = happyCamperIcon.icns; sourceTree = "<group>"; };
		F13549EE13D0D7A200967F63 /* SFHFKeychainUtils.m */ = {isa = PBXFileReference; fileEncoding = 4; lastKnownFileType = sourcecode.c.objc; path = SFHFKeychainUtils.m; sourceTree = "<group>"; };
		F13549EF13D0D7A200967F63 /* SFHFKeychainUtils.h */ = {isa = PBXFileReference; fileEncoding = 4; lastKnownFileType = sourcecode.c.h; path = SFHFKeychainUtils.h; sourceTree = "<group>"; };
		F13549F113D0D8D300967F63 /* Security.framework */ = {isa = PBXFileReference; lastKnownFileType = wrapper.framework; name = Security.framework; path = System/Library/Frameworks/Security.framework; sourceTree = SDKROOT; };
		F178CFC813EC778500A6AD3E /* UserPopoverController.h */ = {isa = PBXFileReference; fileEncoding = 4; lastKnownFileType = sourcecode.c.h; path = UserPopoverController.h; sourceTree = "<group>"; };
		F178CFC913EC778500A6AD3E /* UserPopoverController.m */ = {isa = PBXFileReference; fileEncoding = 4; lastKnownFileType = sourcecode.c.objc; path = UserPopoverController.m; sourceTree = "<group>"; };
		F178CFCA13EC778500A6AD3E /* UserPopoverController.xib */ = {isa = PBXFileReference; fileEncoding = 4; lastKnownFileType = file.xib; path = UserPopoverController.xib; sourceTree = "<group>"; };
		F191440413E2F26B0069ECF9 /* libz.dylib */ = {isa = PBXFileReference; lastKnownFileType = "compiled.mach-o.dylib"; name = libz.dylib; path = usr/lib/libz.dylib; sourceTree = SDKROOT; };
		F191440A13E2F6D70069ECF9 /* Message.h */ = {isa = PBXFileReference; fileEncoding = 4; lastKnownFileType = sourcecode.c.h; path = Message.h; sourceTree = "<group>"; };
		F191440B13E2F6D70069ECF9 /* Message.m */ = {isa = PBXFileReference; fileEncoding = 4; lastKnownFileType = sourcecode.c.objc; path = Message.m; sourceTree = "<group>"; };
		F191440D13E312540069ECF9 /* User.h */ = {isa = PBXFileReference; fileEncoding = 4; lastKnownFileType = sourcecode.c.h; path = User.h; sourceTree = "<group>"; };
		F191440E13E312540069ECF9 /* User.m */ = {isa = PBXFileReference; fileEncoding = 4; lastKnownFileType = sourcecode.c.objc; path = User.m; sourceTree = "<group>"; };
		F1BE16D213F5B5BC0025AC17 /* NS(Attributed)String+Geometrics.h */ = {isa = PBXFileReference; fileEncoding = 4; lastKnownFileType = sourcecode.c.h; path = "NS(Attributed)String+Geometrics.h"; sourceTree = "<group>"; };
		F1BE16D313F5B5BC0025AC17 /* NS(Attributed)String+Geometrics.m */ = {isa = PBXFileReference; fileEncoding = 4; lastKnownFileType = sourcecode.c.objc; path = "NS(Attributed)String+Geometrics.m"; sourceTree = "<group>"; };
		F1BE16DB13F5BD570025AC17 /* NSAttributedString+Hyperlink.h */ = {isa = PBXFileReference; fileEncoding = 4; lastKnownFileType = sourcecode.c.h; path = "NSAttributedString+Hyperlink.h"; sourceTree = "<group>"; };
		F1BE16DC13F5BD570025AC17 /* NSAttributedString+Hyperlink.m */ = {isa = PBXFileReference; fileEncoding = 4; lastKnownFileType = sourcecode.c.objc; path = "NSAttributedString+Hyperlink.m"; sourceTree = "<group>"; };
/* End PBXFileReference section */

/* Begin PBXFrameworksBuildPhase section */
		F116413713D0736200A528F8 /* Frameworks */ = {
			isa = PBXFrameworksBuildPhase;
			buildActionMask = 2147483647;
			files = (
				F191440513E2F26B0069ECF9 /* libz.dylib in Frameworks */,
				F13549F313D0D92000967F63 /* Security.framework in Frameworks */,
				F13549D013D08C0300967F63 /* libxml2.2.dylib in Frameworks */,
				F116417713D0738F00A528F8 /* CoreServices.framework in Frameworks */,
				F116417313D0737600A528F8 /* SystemConfiguration.framework in Frameworks */,
				F116413F13D0736200A528F8 /* Cocoa.framework in Frameworks */,
			);
			runOnlyForDeploymentPostprocessing = 0;
		};
		F116415713D0736200A528F8 /* Frameworks */ = {
			isa = PBXFrameworksBuildPhase;
			buildActionMask = 2147483647;
			files = (
				F116415C13D0736200A528F8 /* Cocoa.framework in Frameworks */,
			);
			runOnlyForDeploymentPostprocessing = 0;
		};
/* End PBXFrameworksBuildPhase section */

/* Begin PBXGroup section */
		F116412F13D0736200A528F8 = {
			isa = PBXGroup;
			children = (
				F191440413E2F26B0069ECF9 /* libz.dylib */,
				F13549F113D0D8D300967F63 /* Security.framework */,
				F13549CF13D08C0300967F63 /* libxml2.2.dylib */,
				F116417613D0738F00A528F8 /* CoreServices.framework */,
				F116417413D0738100A528F8 /* libz.1.2.3.dylib */,
				F116417213D0737600A528F8 /* SystemConfiguration.framework */,
				F116414413D0736200A528F8 /* HappyCampr */,
				F116415F13D0736200A528F8 /* HappyCamprTests */,
				F116413D13D0736200A528F8 /* Frameworks */,
				F116413B13D0736200A528F8 /* Products */,
			);
			sourceTree = "<group>";
		};
		F116413B13D0736200A528F8 /* Products */ = {
			isa = PBXGroup;
			children = (
				F116413A13D0736200A528F8 /* HappyCampr.app */,
				F116415B13D0736200A528F8 /* HappyCamprTests.octest */,
			);
			name = Products;
			sourceTree = "<group>";
		};
		F116413D13D0736200A528F8 /* Frameworks */ = {
			isa = PBXGroup;
			children = (
				F116413E13D0736200A528F8 /* Cocoa.framework */,
				F116414013D0736200A528F8 /* Other Frameworks */,
			);
			name = Frameworks;
			sourceTree = "<group>";
		};
		F116414013D0736200A528F8 /* Other Frameworks */ = {
			isa = PBXGroup;
			children = (
				F116414113D0736200A528F8 /* AppKit.framework */,
				F116414213D0736200A528F8 /* CoreData.framework */,
				F116414313D0736200A528F8 /* Foundation.framework */,
			);
			name = "Other Frameworks";
			sourceTree = "<group>";
		};
		F116414413D0736200A528F8 /* HappyCampr */ = {
			isa = PBXGroup;
			children = (
				F13549D813D08CDB00967F63 /* GDataXMLDocument+UTF16.h */,
				F13549D913D08CDB00967F63 /* GDataXMLDocument+UTF16.m */,
				F13549DA13D08CDB00967F63 /* NSString+TSCCrypto.h */,
				F13549DB13D08CDB00967F63 /* NSString+TSCCrypto.m */,
				F13549D113D08CA200967F63 /* RESTProxy.h */,
				F13549D213D08CA200967F63 /* RESTProxy.m */,
				F13549D313D08CA200967F63 /* RestSignatureProvider.h */,
				F13549D413D08CA200967F63 /* RestSignatureProvider.m */,
				F13549D513D08CA200967F63 /* RestSignatureProviderProtocol.h */,
				F13549C613D08BE000967F63 /* ErrorConstants.h */,
				F13549C713D08BE000967F63 /* ScreencastMediaItem.h */,
				F13549C813D08BE000967F63 /* ScreencastMediaItem.m */,
				F13549C913D08BE000967F63 /* ScreencastMediaProtocol.h */,
				F1BE16D213F5B5BC0025AC17 /* NS(Attributed)String+Geometrics.h */,
				F1BE16D313F5B5BC0025AC17 /* NS(Attributed)String+Geometrics.m */,
				F13549CA13D08BE000967F63 /* ScreencastProxy.h */,
				F13549CB13D08BE000967F63 /* ScreencastProxy.m */,
				F13549CC13D08BE000967F63 /* UploadProgressProtocol.h */,
				70BDE04813F8377300FC2C93 /* NSTextView+AutomaticLinkDetection.h */,
				70BDE04913F8377300FC2C93 /* NSTextView+AutomaticLinkDetection.m */,
				F13549C313D08BC400967F63 /* GDataXMLNode.h */,
				F13549C413D08BC400967F63 /* GDataXMLNode.m */,
				F116417813D0739D00A528F8 /* ASIHTTPRequest */,
				F116415013D0736200A528F8 /* HappyCamprAppDelegate.h */,
				F116415113D0736200A528F8 /* HappyCamprAppDelegate.m */,
				F116415313D0736200A528F8 /* MainMenu.xib */,
				F116414513D0736200A528F8 /* Supporting Files */,
				F11641F013D0785C00A528F8 /* Room.h */,
				F11641F113D0785C00A528F8 /* Room.m */,
				F13549EE13D0D7A200967F63 /* SFHFKeychainUtils.m */,
				F13549EF13D0D7A200967F63 /* SFHFKeychainUtils.h */,
				F191440A13E2F6D70069ECF9 /* Message.h */,
				F191440B13E2F6D70069ECF9 /* Message.m */,
				F191440D13E312540069ECF9 /* User.h */,
				F191440E13E312540069ECF9 /* User.m */,
				F178CFC813EC778500A6AD3E /* UserPopoverController.h */,
				F178CFC913EC778500A6AD3E /* UserPopoverController.m */,
				F178CFCA13EC778500A6AD3E /* UserPopoverController.xib */,
				70A3EB8913ECC36100150E41 /* MessageTableViewController.h */,
				70A3EB8A13ECC36100150E41 /* MessageTableViewController.m */,
				70A3EB8D13ECCBA800150E41 /* MessageView.h */,
				70A3EB8E13ECCBA800150E41 /* MessageView.m */,
				70A3EB9913ECD15700150E41 /* NSString+FindURLs.h */,
				70A3EB9A13ECD15700150E41 /* NSString+FindURLs.m */,
				F1BE16DB13F5BD570025AC17 /* NSAttributedString+Hyperlink.h */,
				F1BE16DC13F5BD570025AC17 /* NSAttributedString+Hyperlink.m */,
			);
			path = HappyCampr;
			sourceTree = "<group>";
		};
		F116414513D0736200A528F8 /* Supporting Files */ = {
			isa = PBXGroup;
			children = (
				F13549EC13D0CD0E00967F63 /* happyCamperIcon.icns */,
				F13549EA13D0C2FE00967F63 /* vuvuzelas-300x230.jpg */,
				F13549E813D0C2C900967F63 /* Pic_GreatJob.gif */,
				F13549E613D0C2A900967F63 /* doitlive.jpeg */,
				F13549E413D0C25F00967F63 /* j-crickett.jpg */,
				F13549E213D0C1DF00967F63 /* original.jpg */,
				F13549E013D0C16100967F63 /* rim-shot-johnny-utah.jpg */,
				F13549DE13D0C0AD00967F63 /* the_more_you_know2.jpg */,
				F116414613D0736200A528F8 /* HappyCampr-Info.plist */,
				F116414713D0736200A528F8 /* InfoPlist.strings */,
				F116414A13D0736200A528F8 /* HappyCampr-Prefix.pch */,
				F116414B13D0736200A528F8 /* main.m */,
				F116414D13D0736200A528F8 /* Credits.rtf */,
			);
			name = "Supporting Files";
			sourceTree = "<group>";
		};
		F116415F13D0736200A528F8 /* HappyCamprTests */ = {
			isa = PBXGroup;
			children = (
				F116416613D0736200A528F8 /* HappyCamprTests.h */,
				F116416813D0736200A528F8 /* HappyCamprTests.m */,
				F116416013D0736200A528F8 /* Supporting Files */,
			);
			path = HappyCamprTests;
			sourceTree = "<group>";
		};
		F116416013D0736200A528F8 /* Supporting Files */ = {
			isa = PBXGroup;
			children = (
				F116416113D0736200A528F8 /* HappyCamprTests-Info.plist */,
				F116416213D0736200A528F8 /* InfoPlist.strings */,
				F116416513D0736200A528F8 /* HappyCamprTests-Prefix.pch */,
			);
			name = "Supporting Files";
			sourceTree = "<group>";
		};
		F116417813D0739D00A528F8 /* ASIHTTPRequest */ = {
			isa = PBXGroup;
			children = (
				F116417913D0739D00A528F8 /* ASIAuthenticationDialog.h */,
				F116417A13D0739D00A528F8 /* ASIAuthenticationDialog.m */,
				F116417B13D0739D00A528F8 /* ASICacheDelegate.h */,
				F116417C13D0739D00A528F8 /* ASIDataCompressor.h */,
				F116417D13D0739D00A528F8 /* ASIDataCompressor.m */,
				F116417E13D0739D00A528F8 /* ASIDataDecompressor.h */,
				F116417F13D0739D00A528F8 /* ASIDataDecompressor.m */,
				F116418013D0739D00A528F8 /* ASIDownloadCache.h */,
				F116418113D0739D00A528F8 /* ASIDownloadCache.m */,
				F116418213D0739D00A528F8 /* ASIFormDataRequest.h */,
				F116418313D0739D00A528F8 /* ASIFormDataRequest.m */,
				F116418413D0739D00A528F8 /* ASIHTTPRequest.h */,
				F116418513D0739D00A528F8 /* ASIHTTPRequest.m */,
				F116418613D0739D00A528F8 /* ASIHTTPRequestConfig.h */,
				F116418713D0739D00A528F8 /* ASIHTTPRequestDelegate.h */,
				F116418813D0739D00A528F8 /* ASIInputStream.h */,
				F116418913D0739D00A528F8 /* ASIInputStream.m */,
				F116418A13D0739D00A528F8 /* ASINetworkQueue.h */,
				F116418B13D0739D00A528F8 /* ASINetworkQueue.m */,
				F116418C13D0739D00A528F8 /* ASIProgressDelegate.h */,
			);
			name = ASIHTTPRequest;
			path = Classes;
			sourceTree = "<group>";
		};
/* End PBXGroup section */

/* Begin PBXNativeTarget section */
		F116413913D0736200A528F8 /* HappyCampr */ = {
			isa = PBXNativeTarget;
			buildConfigurationList = F116416C13D0736200A528F8 /* Build configuration list for PBXNativeTarget "HappyCampr" */;
			buildPhases = (
				F116413613D0736200A528F8 /* Sources */,
				F116413813D0736200A528F8 /* Resources */,
				F116413713D0736200A528F8 /* Frameworks */,
			);
			buildRules = (
			);
			dependencies = (
			);
			name = HappyCampr;
			productName = HappyCampr;
			productReference = F116413A13D0736200A528F8 /* HappyCampr.app */;
			productType = "com.apple.product-type.application";
		};
		F116415A13D0736200A528F8 /* HappyCamprTests */ = {
			isa = PBXNativeTarget;
			buildConfigurationList = F116416F13D0736200A528F8 /* Build configuration list for PBXNativeTarget "HappyCamprTests" */;
			buildPhases = (
				F116415613D0736200A528F8 /* Sources */,
				F116415713D0736200A528F8 /* Frameworks */,
				F116415813D0736200A528F8 /* Resources */,
				F116415913D0736200A528F8 /* ShellScript */,
			);
			buildRules = (
			);
			dependencies = (
				F116415E13D0736200A528F8 /* PBXTargetDependency */,
			);
			name = HappyCamprTests;
			productName = HappyCamprTests;
			productReference = F116415B13D0736200A528F8 /* HappyCamprTests.octest */;
			productType = "com.apple.product-type.bundle";
		};
/* End PBXNativeTarget section */

/* Begin PBXProject section */
		F116413113D0736200A528F8 /* Project object */ = {
			isa = PBXProject;
			buildConfigurationList = F116413413D0736200A528F8 /* Build configuration list for PBXProject "HappyCampr" */;
			compatibilityVersion = "Xcode 3.2";
			developmentRegion = English;
			hasScannedForEncodings = 0;
			knownRegions = (
				en,
			);
			mainGroup = F116412F13D0736200A528F8;
			productRefGroup = F116413B13D0736200A528F8 /* Products */;
			projectDirPath = "";
			projectRoot = "";
			targets = (
				F116413913D0736200A528F8 /* HappyCampr */,
				F116415A13D0736200A528F8 /* HappyCamprTests */,
			);
		};
/* End PBXProject section */

/* Begin PBXResourcesBuildPhase section */
		F116413813D0736200A528F8 /* Resources */ = {
			isa = PBXResourcesBuildPhase;
			buildActionMask = 2147483647;
			files = (
				F116414913D0736200A528F8 /* InfoPlist.strings in Resources */,
				F116414F13D0736200A528F8 /* Credits.rtf in Resources */,
				F116415513D0736200A528F8 /* MainMenu.xib in Resources */,
				F13549DF13D0C0AD00967F63 /* the_more_you_know2.jpg in Resources */,
				F13549E113D0C16100967F63 /* rim-shot-johnny-utah.jpg in Resources */,
				F13549E313D0C1DF00967F63 /* original.jpg in Resources */,
				F13549E513D0C25F00967F63 /* j-crickett.jpg in Resources */,
				F13549E713D0C2A900967F63 /* doitlive.jpeg in Resources */,
				F13549E913D0C2C900967F63 /* Pic_GreatJob.gif in Resources */,
				F13549EB13D0C2FE00967F63 /* vuvuzelas-300x230.jpg in Resources */,
				F13549ED13D0CD0E00967F63 /* happyCamperIcon.icns in Resources */,
				F178CFCC13EC778500A6AD3E /* UserPopoverController.xib in Resources */,
			);
			runOnlyForDeploymentPostprocessing = 0;
		};
		F116415813D0736200A528F8 /* Resources */ = {
			isa = PBXResourcesBuildPhase;
			buildActionMask = 2147483647;
			files = (
				F116416413D0736200A528F8 /* InfoPlist.strings in Resources */,
				F116416713D0736200A528F8 /* HappyCamprTests.h in Resources */,
			);
			runOnlyForDeploymentPostprocessing = 0;
		};
/* End PBXResourcesBuildPhase section */

/* Begin PBXShellScriptBuildPhase section */
		F116415913D0736200A528F8 /* ShellScript */ = {
			isa = PBXShellScriptBuildPhase;
			buildActionMask = 2147483647;
			files = (
			);
			inputPaths = (
			);
			outputPaths = (
			);
			runOnlyForDeploymentPostprocessing = 0;
			shellPath = /bin/sh;
			shellScript = "# Run the unit tests in this test bundle.\n\"${SYSTEM_DEVELOPER_DIR}/Tools/RunUnitTests\"\n";
		};
/* End PBXShellScriptBuildPhase section */

/* Begin PBXSourcesBuildPhase section */
		F116413613D0736200A528F8 /* Sources */ = {
			isa = PBXSourcesBuildPhase;
			buildActionMask = 2147483647;
			files = (
				F13549F413D0D9E200967F63 /* SFHFKeychainUtils.m in Sources */,
				F116414C13D0736200A528F8 /* main.m in Sources */,
				F116415213D0736200A528F8 /* HappyCamprAppDelegate.m in Sources */,
				F11641CC13D0739D00A528F8 /* ASIDataCompressor.m in Sources */,
				F11641CD13D0739D00A528F8 /* ASIDataDecompressor.m in Sources */,
				F11641CE13D0739D00A528F8 /* ASIDownloadCache.m in Sources */,
				F11641CF13D0739D00A528F8 /* ASIFormDataRequest.m in Sources */,
				F11641D013D0739D00A528F8 /* ASIHTTPRequest.m in Sources */,
				F11641D113D0739D00A528F8 /* ASIInputStream.m in Sources */,
				F11641D213D0739D00A528F8 /* ASINetworkQueue.m in Sources */,
				F11641F213D0785C00A528F8 /* Room.m in Sources */,
				F13549C513D08BC400967F63 /* GDataXMLNode.m in Sources */,
				F13549CD13D08BE000967F63 /* ScreencastMediaItem.m in Sources */,
				F13549CE13D08BE000967F63 /* ScreencastProxy.m in Sources */,
				F13549D613D08CA200967F63 /* RESTProxy.m in Sources */,
				F13549D713D08CA200967F63 /* RestSignatureProvider.m in Sources */,
				F13549DC13D08CDB00967F63 /* GDataXMLDocument+UTF16.m in Sources */,
				F13549DD13D08CDB00967F63 /* NSString+TSCCrypto.m in Sources */,
				F191440C13E2F6D70069ECF9 /* Message.m in Sources */,
				F191440F13E312540069ECF9 /* User.m in Sources */,
				F178CFCB13EC778500A6AD3E /* UserPopoverController.m in Sources */,
				70A3EB8B13ECC36100150E41 /* MessageTableViewController.m in Sources */,
				70A3EB8F13ECCBA900150E41 /* MessageView.m in Sources */,
				70A3EB9B13ECD15700150E41 /* NSString+FindURLs.m in Sources */,
				F1BE16D413F5B5BC0025AC17 /* NS(Attributed)String+Geometrics.m in Sources */,
				F1BE16DD13F5BD570025AC17 /* NSAttributedString+Hyperlink.m in Sources */,
				70BDE04A13F8377300FC2C93 /* NSTextView+AutomaticLinkDetection.m in Sources */,
			);
			runOnlyForDeploymentPostprocessing = 0;
		};
		F116415613D0736200A528F8 /* Sources */ = {
			isa = PBXSourcesBuildPhase;
			buildActionMask = 2147483647;
			files = (
				F116416913D0736200A528F8 /* HappyCamprTests.m in Sources */,
			);
			runOnlyForDeploymentPostprocessing = 0;
		};
/* End PBXSourcesBuildPhase section */

/* Begin PBXTargetDependency section */
		F116415E13D0736200A528F8 /* PBXTargetDependency */ = {
			isa = PBXTargetDependency;
			target = F116413913D0736200A528F8 /* HappyCampr */;
			targetProxy = F116415D13D0736200A528F8 /* PBXContainerItemProxy */;
		};
/* End PBXTargetDependency section */

/* Begin PBXVariantGroup section */
		F116414713D0736200A528F8 /* InfoPlist.strings */ = {
			isa = PBXVariantGroup;
			children = (
				F116414813D0736200A528F8 /* en */,
			);
			name = InfoPlist.strings;
			sourceTree = "<group>";
		};
		F116414D13D0736200A528F8 /* Credits.rtf */ = {
			isa = PBXVariantGroup;
			children = (
				F116414E13D0736200A528F8 /* en */,
			);
			name = Credits.rtf;
			sourceTree = "<group>";
		};
		F116415313D0736200A528F8 /* MainMenu.xib */ = {
			isa = PBXVariantGroup;
			children = (
				F116415413D0736200A528F8 /* en */,
			);
			name = MainMenu.xib;
			sourceTree = "<group>";
		};
		F116416213D0736200A528F8 /* InfoPlist.strings */ = {
			isa = PBXVariantGroup;
			children = (
				F116416313D0736200A528F8 /* en */,
			);
			name = InfoPlist.strings;
			sourceTree = "<group>";
		};
/* End PBXVariantGroup section */

/* Begin XCBuildConfiguration section */
		F116416A13D0736200A528F8 /* Debug */ = {
			isa = XCBuildConfiguration;
			buildSettings = {
				ARCHS = "$(ARCHS_STANDARD_32_64_BIT)";
				GCC_C_LANGUAGE_STANDARD = gnu99;
				GCC_OPTIMIZATION_LEVEL = 0;
				GCC_PREPROCESSOR_DEFINITIONS = DEBUG;
				GCC_SYMBOLS_PRIVATE_EXTERN = NO;
				GCC_VERSION = com.apple.compilers.llvm.clang.1_0;
				GCC_WARN_64_TO_32_BIT_CONVERSION = YES;
				GCC_WARN_ABOUT_RETURN_TYPE = YES;
				GCC_WARN_UNUSED_VARIABLE = YES;
				MACOSX_DEPLOYMENT_TARGET = 10.6;
				ONLY_ACTIVE_ARCH = YES;
				SDKROOT = macosx;
			};
			name = Debug;
		};
		F116416B13D0736200A528F8 /* Release */ = {
			isa = XCBuildConfiguration;
			buildSettings = {
				ARCHS = "$(ARCHS_STANDARD_32_64_BIT)";
				GCC_C_LANGUAGE_STANDARD = gnu99;
				GCC_VERSION = com.apple.compilers.llvm.clang.1_0;
				GCC_WARN_64_TO_32_BIT_CONVERSION = YES;
				GCC_WARN_ABOUT_RETURN_TYPE = YES;
				GCC_WARN_UNUSED_VARIABLE = YES;
				MACOSX_DEPLOYMENT_TARGET = 10.6;
				SDKROOT = macosx;
			};
			name = Release;
		};
		F116416D13D0736200A528F8 /* Debug */ = {
			isa = XCBuildConfiguration;
			buildSettings = {
				ALWAYS_SEARCH_USER_PATHS = NO;
				COPY_PHASE_STRIP = NO;
				FRAMEWORK_SEARCH_PATHS = (
					"$(inherited)",
					"\"$(SRCROOT)\"",
				);
				GCC_DYNAMIC_NO_PIC = NO;
				GCC_ENABLE_OBJC_EXCEPTIONS = YES;
				GCC_PRECOMPILE_PREFIX_HEADER = YES;
				GCC_PREFIX_HEADER = "HappyCampr/HappyCampr-Prefix.pch";
				HEADER_SEARCH_PATHS = /usr/include/libxml2;
				INFOPLIST_FILE = "HappyCampr/HappyCampr-Info.plist";
				PRODUCT_NAME = "$(TARGET_NAME)";
				WRAPPER_EXTENSION = app;
			};
			name = Debug;
		};
		F116416E13D0736200A528F8 /* Release */ = {
			isa = XCBuildConfiguration;
			buildSettings = {
				ALWAYS_SEARCH_USER_PATHS = NO;
				COPY_PHASE_STRIP = YES;
				DEBUG_INFORMATION_FORMAT = "dwarf-with-dsym";
				FRAMEWORK_SEARCH_PATHS = (
					"$(inherited)",
					"\"$(SRCROOT)\"",
				);
				GCC_ENABLE_OBJC_EXCEPTIONS = YES;
				GCC_PRECOMPILE_PREFIX_HEADER = YES;
				GCC_PREFIX_HEADER = "HappyCampr/HappyCampr-Prefix.pch";
				HEADER_SEARCH_PATHS = /usr/include/libxml2;
				INFOPLIST_FILE = "HappyCampr/HappyCampr-Info.plist";
				PRODUCT_NAME = "$(TARGET_NAME)";
				WRAPPER_EXTENSION = app;
			};
			name = Release;
		};
		F116417013D0736200A528F8 /* Debug */ = {
			isa = XCBuildConfiguration;
			buildSettings = {
				ALWAYS_SEARCH_USER_PATHS = NO;
				BUNDLE_LOADER = "$(BUILT_PRODUCTS_DIR)/HappyCampr.app/Contents/MacOS/HappyCampr";
				COPY_PHASE_STRIP = NO;
				FRAMEWORK_SEARCH_PATHS = "$(DEVELOPER_LIBRARY_DIR)/Frameworks";
				GCC_DYNAMIC_NO_PIC = NO;
				GCC_ENABLE_OBJC_EXCEPTIONS = YES;
				GCC_PRECOMPILE_PREFIX_HEADER = YES;
				GCC_PREFIX_HEADER = "HappyCamprTests/HappyCamprTests-Prefix.pch";
				INFOPLIST_FILE = "HappyCamprTests/HappyCamprTests-Info.plist";
				OTHER_LDFLAGS = (
					"-framework",
					SenTestingKit,
				);
				PRODUCT_NAME = "$(TARGET_NAME)";
				TEST_HOST = "$(BUNDLE_LOADER)";
				WRAPPER_EXTENSION = octest;
			};
			name = Debug;
		};
		F116417113D0736200A528F8 /* Release */ = {
			isa = XCBuildConfiguration;
			buildSettings = {
				ALWAYS_SEARCH_USER_PATHS = NO;
				BUNDLE_LOADER = "$(BUILT_PRODUCTS_DIR)/HappyCampr.app/Contents/MacOS/HappyCampr";
				COPY_PHASE_STRIP = YES;
				DEBUG_INFORMATION_FORMAT = "dwarf-with-dsym";
				FRAMEWORK_SEARCH_PATHS = "$(DEVELOPER_LIBRARY_DIR)/Frameworks";
				GCC_ENABLE_OBJC_EXCEPTIONS = YES;
				GCC_PRECOMPILE_PREFIX_HEADER = YES;
				GCC_PREFIX_HEADER = "HappyCamprTests/HappyCamprTests-Prefix.pch";
				INFOPLIST_FILE = "HappyCamprTests/HappyCamprTests-Info.plist";
				OTHER_LDFLAGS = (
					"-framework",
					SenTestingKit,
				);
				PRODUCT_NAME = "$(TARGET_NAME)";
				TEST_HOST = "$(BUNDLE_LOADER)";
				WRAPPER_EXTENSION = octest;
			};
			name = Release;
		};
/* End XCBuildConfiguration section */

/* Begin XCConfigurationList section */
		F116413413D0736200A528F8 /* Build configuration list for PBXProject "HappyCampr" */ = {
			isa = XCConfigurationList;
			buildConfigurations = (
				F116416A13D0736200A528F8 /* Debug */,
				F116416B13D0736200A528F8 /* Release */,
			);
			defaultConfigurationIsVisible = 0;
			defaultConfigurationName = Release;
		};
		F116416C13D0736200A528F8 /* Build configuration list for PBXNativeTarget "HappyCampr" */ = {
			isa = XCConfigurationList;
			buildConfigurations = (
				F116416D13D0736200A528F8 /* Debug */,
				F116416E13D0736200A528F8 /* Release */,
			);
			defaultConfigurationIsVisible = 0;
			defaultConfigurationName = Release;
		};
		F116416F13D0736200A528F8 /* Build configuration list for PBXNativeTarget "HappyCamprTests" */ = {
			isa = XCConfigurationList;
			buildConfigurations = (
				F116417013D0736200A528F8 /* Debug */,
				F116417113D0736200A528F8 /* Release */,
			);
			defaultConfigurationIsVisible = 0;
			defaultConfigurationName = Release;
		};
/* End XCConfigurationList section */
	};
	rootObject = F116413113D0736200A528F8 /* Project object */;
}
